
Microsoft Visual Studio Solution File, Format Version 12.00
# Visual Studio Version 17
VisualStudioVersion = 17.11.35312.102
MinimumVisualStudioVersion = 10.0.40219.1
Project("{8BC9CEB8-8B4A-11D0-8D11-00A0C91BC942}") = "Lab2 Task3", "Lab2 Task3\Lab2 Task3.vcxproj", "{80E09241-D6BD-4339-AA10-AF1662BD3BC1}"
EndProject
Global
	GlobalSection(SolutionConfigurationPlatforms) = preSolution
		Debug|ARM64 = Debug|ARM64
		Debug|x64 = Debug|x64
		Debug|x86 = Debug|x86
		Release|ARM64 = Release|ARM64
		Release|x64 = Release|x64
		Release|x86 = Release|x86
	EndGlobalSection
	GlobalSection(ProjectConfigurationPlatforms) = postSolution
		{80E09241-D6BD-4339-AA10-AF1662BD3BC1}.Debug|ARM64.ActiveCfg = Debug|ARM64
		{80E09241-D6BD-4339-AA10-AF1662BD3BC1}.Debug|ARM64.Build.0 = Debug|ARM64
		{80E09241-D6BD-4339-AA10-AF1662BD3BC1}.Debug|x64.ActiveCfg = Debug|x64
		{80E09241-D6BD-4339-AA10-AF1662BD3BC1}.Debug|x64.Build.0 = Debug|x64
		{80E09241-D6BD-4339-AA10-AF1662BD3BC1}.Debug|x86.ActiveCfg = Debug|Win32
		{80E09241-D6BD-4339-AA10-AF1662BD3BC1}.Debug|x86.Build.0 = Debug|Win32
		{80E09241-D6BD-4339-AA10-AF1662BD3BC1}.Release|ARM64.ActiveCfg = Release|ARM64
		{80E09241-D6BD-4339-AA10-AF1662BD3BC1}.Release|ARM64.Build.0 = Release|ARM64
		{80E09241-D6BD-4339-AA10-AF1662BD3BC1}.Release|x64.ActiveCfg = Release|x64
		{80E09241-D6BD-4339-AA10-AF1662BD3BC1}.Release|x64.Build.0 = Release|x64
		{80E09241-D6BD-4339-AA10-AF1662BD3BC1}.Release|x86.ActiveCfg = Release|Win32
		{80E09241-D6BD-4339-AA10-AF1662BD3BC1}.Release|x86.Build.0 = Release|Win32
	EndGlobalSection
	GlobalSection(SolutionProperties) = preSolution
		HideSolutionNode = FALSE
	EndGlobalSection
	GlobalSection(ExtensibilityGlobals) = postSolution
		SolutionGuid = {581930B1-7C17-49B2-8BA8-0A99BC3F8877}
	EndGlobalSection
EndGlobal
